
Microsoft Visual Studio Solution File, Format Version 12.00
# Visual Studio Version 16
VisualStudioVersion = 16.0.30011.22
MinimumVisualStudioVersion = 10.0.40219.1
Project("{FAE04EC0-301F-11D3-BF4B-00C04F79EFBC}") = "Intranet.API", "Intranet.API\Intranet.API.csproj", "{5646C8F1-D4F0-4863-94D8-487872B2F434}"
EndProject
Project("{FAE04EC0-301F-11D3-BF4B-00C04F79EFBC}") = "Intranet.Data", "Intranet.Data\Intranet.Data.csproj", "{C3DEEDE0-A6F0-434C-AFF7-1159486F4D33}"
EndProject
Project("{2150E333-8FDC-42A3-9474-1A3956D46DE8}") = "Solution Items", "Solution Items", "{333E6990-E78F-4FFB-B5B1-4B3259F3B0F1}"
	ProjectSection(SolutionItems) = preProject
		.editorconfig = .editorconfig
	EndProjectSection
EndProject
Project("{9A19103F-16F7-4668-BE54-9A1E7A4F7556}") = "Intranet.App", "Intranet.App\Intranet.App\Intranet.App.csproj", "{E9273068-8735-4E3A-A932-F039D69ED2DB}"
EndProject
Project("{FAE04EC0-301F-11D3-BF4B-00C04F79EFBC}") = "Intranet.App.Android", "Intranet.App\Intranet.App.Android\Intranet.App.Android.csproj", "{7064AEFD-9D0E-4BD9-B460-C001FB1CE90C}"
EndProject
Project("{FAE04EC0-301F-11D3-BF4B-00C04F79EFBC}") = "Intranet.IdSrv", "Intranet.IdSrv\Intranet.IdSrv.csproj", "{D27F29CB-43B7-4BCA-A8E6-07FC531BF690}"
EndProject
Global
	GlobalSection(SolutionConfigurationPlatforms) = preSolution
		Debug|Any CPU = Debug|Any CPU
		Release|Any CPU = Release|Any CPU
	EndGlobalSection
	GlobalSection(ProjectConfigurationPlatforms) = postSolution
		{5646C8F1-D4F0-4863-94D8-487872B2F434}.Debug|Any CPU.ActiveCfg = Debug|Any CPU
		{5646C8F1-D4F0-4863-94D8-487872B2F434}.Debug|Any CPU.Build.0 = Debug|Any CPU
		{5646C8F1-D4F0-4863-94D8-487872B2F434}.Release|Any CPU.ActiveCfg = Release|Any CPU
		{5646C8F1-D4F0-4863-94D8-487872B2F434}.Release|Any CPU.Build.0 = Release|Any CPU
		{C3DEEDE0-A6F0-434C-AFF7-1159486F4D33}.Debug|Any CPU.ActiveCfg = Debug|Any CPU
		{C3DEEDE0-A6F0-434C-AFF7-1159486F4D33}.Debug|Any CPU.Build.0 = Debug|Any CPU
		{C3DEEDE0-A6F0-434C-AFF7-1159486F4D33}.Release|Any CPU.ActiveCfg = Release|Any CPU
		{C3DEEDE0-A6F0-434C-AFF7-1159486F4D33}.Release|Any CPU.Build.0 = Release|Any CPU
		{E9273068-8735-4E3A-A932-F039D69ED2DB}.Debug|Any CPU.ActiveCfg = Debug|Any CPU
		{E9273068-8735-4E3A-A932-F039D69ED2DB}.Debug|Any CPU.Build.0 = Debug|Any CPU
		{E9273068-8735-4E3A-A932-F039D69ED2DB}.Release|Any CPU.ActiveCfg = Release|Any CPU
		{E9273068-8735-4E3A-A932-F039D69ED2DB}.Release|Any CPU.Build.0 = Release|Any CPU
		{7064AEFD-9D0E-4BD9-B460-C001FB1CE90C}.Debug|Any CPU.ActiveCfg = Debug|Any CPU
		{7064AEFD-9D0E-4BD9-B460-C001FB1CE90C}.Debug|Any CPU.Build.0 = Debug|Any CPU
		{7064AEFD-9D0E-4BD9-B460-C001FB1CE90C}.Debug|Any CPU.Deploy.0 = Debug|Any CPU
		{7064AEFD-9D0E-4BD9-B460-C001FB1CE90C}.Release|Any CPU.ActiveCfg = Release|Any CPU
		{7064AEFD-9D0E-4BD9-B460-C001FB1CE90C}.Release|Any CPU.Build.0 = Release|Any CPU
		{7064AEFD-9D0E-4BD9-B460-C001FB1CE90C}.Release|Any CPU.Deploy.0 = Release|Any CPU
		{D27F29CB-43B7-4BCA-A8E6-07FC531BF690}.Debug|Any CPU.ActiveCfg = Debug|Any CPU
		{D27F29CB-43B7-4BCA-A8E6-07FC531BF690}.Debug|Any CPU.Build.0 = Debug|Any CPU
		{D27F29CB-43B7-4BCA-A8E6-07FC531BF690}.Release|Any CPU.ActiveCfg = Release|Any CPU
		{D27F29CB-43B7-4BCA-A8E6-07FC531BF690}.Release|Any CPU.Build.0 = Release|Any CPU
	EndGlobalSection
	GlobalSection(SolutionProperties) = preSolution
		HideSolutionNode = FALSE
	EndGlobalSection
	GlobalSection(ExtensibilityGlobals) = postSolution
		SolutionGuid = {3F16A602-BCB7-47AF-A052-22AE4372FE8B}
	EndGlobalSection
EndGlobal
